
Microsoft Visual Studio Solution File, Format Version 12.00
Project("{FAE04EC0-301F-11D3-BF4B-00C04F79EFBC}") = "SandboxCore", "SandboxCore\SandboxCore.csproj", "{BAA1076E-E7FE-4A9C-8631-DD0C88A8C0DF}"
EndProject
Project("{FAE04EC0-301F-11D3-BF4B-00C04F79EFBC}") = "SandboxFramework", "SandboxFramework\SandboxFramework.csproj", "{7E3C9522-A5E5-402B-9F38-F7A52C18F6EE}"
EndProject
Global
	GlobalSection(SolutionConfigurationPlatforms) = preSolution
		Debug|Any CPU = Debug|Any CPU
		Release|Any CPU = Release|Any CPU
	EndGlobalSection
	GlobalSection(ProjectConfigurationPlatforms) = postSolution
		{BAA1076E-E7FE-4A9C-8631-DD0C88A8C0DF}.Debug|Any CPU.ActiveCfg = Debug|Any CPU
		{BAA1076E-E7FE-4A9C-8631-DD0C88A8C0DF}.Debug|Any CPU.Build.0 = Debug|Any CPU
		{BAA1076E-E7FE-4A9C-8631-DD0C88A8C0DF}.Release|Any CPU.ActiveCfg = Release|Any CPU
		{BAA1076E-E7FE-4A9C-8631-DD0C88A8C0DF}.Release|Any CPU.Build.0 = Release|Any CPU
		{7E3C9522-A5E5-402B-9F38-F7A52C18F6EE}.Debug|Any CPU.ActiveCfg = Debug|Any CPU
		{7E3C9522-A5E5-402B-9F38-F7A52C18F6EE}.Debug|Any CPU.Build.0 = Debug|Any CPU
		{7E3C9522-A5E5-402B-9F38-F7A52C18F6EE}.Release|Any CPU.ActiveCfg = Release|Any CPU
		{7E3C9522-A5E5-402B-9F38-F7A52C18F6EE}.Release|Any CPU.Build.0 = Release|Any CPU
	EndGlobalSection
EndGlobal
